
Microsoft Visual Studio Solution File, Format Version 12.00
# Visual Studio Version 17
VisualStudioVersion = 17.3.32825.248
MinimumVisualStudioVersion = 10.0.40219.1
Project("{FAE04EC0-301F-11D3-BF4B-00C04F79EFBC}") = "Uppgift1_Lavinia", "Uppgift1_Lavinia.csproj", "{DD1797D4-E549-4D02-8EDA-197D91C5120B}"
EndProject
Global
	GlobalSection(SolutionConfigurationPlatforms) = preSolution
		Debug|Any CPU = Debug|Any CPU
		Release|Any CPU = Release|Any CPU
	EndGlobalSection
	GlobalSection(ProjectConfigurationPlatforms) = postSolution
		{DD1797D4-E549-4D02-8EDA-197D91C5120B}.Debug|Any CPU.ActiveCfg = Debug|Any CPU
		{DD1797D4-E549-4D02-8EDA-197D91C5120B}.Debug|Any CPU.Build.0 = Debug|Any CPU
		{DD1797D4-E549-4D02-8EDA-197D91C5120B}.Release|Any CPU.ActiveCfg = Release|Any CPU
		{DD1797D4-E549-4D02-8EDA-197D91C5120B}.Release|Any CPU.Build.0 = Release|Any CPU
	EndGlobalSection
	GlobalSection(SolutionProperties) = preSolution
		HideSolutionNode = FALSE
	EndGlobalSection
	GlobalSection(ExtensibilityGlobals) = postSolution
		SolutionGuid = {F363E40E-3297-4C29-9304-4E9ABB87D7C0}
	EndGlobalSection
EndGlobal
